PODS:
  - Alamofire (4.9.1)
  - AlamofireImage (3.6.0):
    - Alamofire (~> 4.9)
  - Firebase/Auth (6.27.0):
    - Firebase/CoreOnly
    - FirebaseAuth (~> 6.6.0)
  - Firebase/Core (6.27.0):
    - Firebase/CoreOnly
    - FirebaseAnalytics (= 6.6.1)
  - Firebase/CoreOnly (6.27.0):
    - FirebaseCore (= 6.8.0)
  - Firebase/Functions (6.27.0):
    - Firebase/CoreOnly
    - FirebaseFunctions (~> 2.6.0)
  - Firebase/Messaging (6.27.0):
    - Firebase/CoreOnly
    - FirebaseMessaging (~> 4.5.0)
  - FirebaseAnalytics (6.6.1):
    - FirebaseCore (~> 6.8)
    - FirebaseInstallations (~> 1.4)
    - GoogleAppMeasurement (= 6.6.1)
    - GoogleUtilities/AppDelegateSwizzler (~> 6.0)
    - GoogleUtilities/MethodSwizzler (~> 6.0)
    - GoogleUtilities/Network (~> 6.0)
    - "GoogleUtilities/NSData+zlib (~> 6.0)"
    - nanopb (~> 1.30905.0)
  - FirebaseAuth (6.6.0):
    - FirebaseCore (~> 6.8)
    - GoogleUtilities/AppDelegateSwizzler (~> 6.5)
    - GoogleUtilities/Environment (~> 6.5)
    - GTMSessionFetcher/Core (~> 1.1)
  - FirebaseCore (6.8.0):
    - FirebaseCoreDiagnostics (~> 1.3)
    - GoogleUtilities/Environment (~> 6.5)
    - GoogleUtilities/Logger (~> 6.5)
  - FirebaseCoreDiagnostics (1.4.0):
    - GoogleDataTransportCCTSupport (~> 3.1)
    - GoogleUtilities/Environment (~> 6.5)
    - GoogleUtilities/Logger (~> 6.5)
    - nanopb (~> 1.30905.0)
  - FirebaseFunctions (2.6.0):
    - FirebaseCore (~> 6.8)
    - GTMSessionFetcher/Core (~> 1.1)
  - FirebaseInstallations (1.4.0):
    - FirebaseCore (~> 6.8)
    - GoogleUtilities/Environment (~> 6.6)
    - GoogleUtilities/UserDefaults (~> 6.6)
    - PromisesObjC (~> 1.2)
  - FirebaseInstanceID (4.4.0):
    - FirebaseCore (~> 6.8)
    - FirebaseInstallations (~> 1.0)
    - GoogleUtilities/Environment (~> 6.5)
    - GoogleUtilities/UserDefaults (~> 6.5)
  - FirebaseMessaging (4.5.0):
    - FirebaseCore (~> 6.8)
    - FirebaseInstanceID (~> 4.3)
    - GoogleUtilities/AppDelegateSwizzler (~> 6.5)
    - GoogleUtilities/Environment (~> 6.5)
    - GoogleUtilities/Reachability (~> 6.5)
    - GoogleUtilities/UserDefaults (~> 6.5)
    - Protobuf (>= 3.9.2, ~> 3.9)
  - GoogleAppMeasurement (6.6.1):
    - GoogleUtilities/AppDelegateSwizzler (~> 6.0)
    - GoogleUtilities/MethodSwizzler (~> 6.0)
    - GoogleUtilities/Network (~> 6.0)
    - "GoogleUtilities/NSData+zlib (~> 6.0)"
    - nanopb (~> 1.30905.0)
  - GoogleDataTransport (6.2.1)
  - GoogleDataTransportCCTSupport (3.2.0):
    - GoogleDataTransport (~> 6.1)
    - nanopb (~> 1.30905.0)
  - GoogleUtilities/AppDelegateSwizzler (6.6.0):
    - GoogleUtilities/Environment
    - GoogleUtilities/Logger
    - GoogleUtilities/Network
  - GoogleUtilities/Environment (6.6.0):
    - PromisesObjC (~> 1.2)
  - GoogleUtilities/Logger (6.6.0):
    - GoogleUtilities/Environment
  - GoogleUtilities/MethodSwizzler (6.6.0):
    - GoogleUtilities/Logger
  - GoogleUtilities/Network (6.6.0):
    - GoogleUtilities/Logger
    - "GoogleUtilities/NSData+zlib"
    - GoogleUtilities/Reachability
  - "GoogleUtilities/NSData+zlib (6.6.0)"
  - GoogleUtilities/Reachability (6.6.0):
    - GoogleUtilities/Logger
  - GoogleUtilities/UserDefaults (6.6.0):
    - GoogleUtilities/Logger
  - GTMSessionFetcher/Core (1.4.0)
  - KochavaCoreiOS (3.17.0)
  - KochavaTrackeriOS (3.17.0):
    - KochavaCoreiOS (~> 3.16)
  - Mixpanel (3.6.1)
  - nanopb (1.30905.0):
    - nanopb/decode (= 1.30905.0)
    - nanopb/encode (= 1.30905.0)
  - nanopb/decode (1.30905.0)
  - nanopb/encode (1.30905.0)
  - PromisesObjC (1.2.9)
  - Protobuf (3.12.0)
  - SwiftyXMLParser (5.1.0)

DEPENDENCIES:
  - Alamofire (~> 4.4)
  - AlamofireImage (~> 3.3)
  - Firebase/Auth
  - Firebase/Core
  - Firebase/Functions
  - Firebase/Messaging
  - KochavaTrackeriOS
  - Mixpanel
  - SwiftyXMLParser (from `https://github.com/yahoojapan/SwiftyXMLParser.git`)

SPEC REPOS:
  trunk:
    - Alamofire
    - AlamofireImage
    - Firebase
    - FirebaseAnalytics
    - FirebaseAuth
    - FirebaseCore
    - FirebaseCoreDiagnostics
    - FirebaseFunctions
    - FirebaseInstallations
    - FirebaseInstanceID
    - FirebaseMessaging
    - GoogleAppMeasurement
    - GoogleDataTransport
    - GoogleDataTransportCCTSupport
    - GoogleUtilities
    - GTMSessionFetcher
    - KochavaCoreiOS
    - KochavaTrackeriOS
    - Mixpanel
    - nanopb
    - PromisesObjC
    - Protobuf

EXTERNAL SOURCES:
  SwiftyXMLParser:
    :git: https://github.com/yahoojapan/SwiftyXMLParser.git

CHECKOUT OPTIONS:
  SwiftyXMLParser:
    :commit: 9d82653e535a13a518b411934c0a5c0c84406c22
    :git: https://github.com/yahoojapan/SwiftyXMLParser.git

SPEC CHECKSUMS:
  Alamofire: 85e8a02c69d6020a0d734f6054870d7ecb75cf18
  AlamofireImage: be9963c6582d68b39e89191f64c82a7d7bf40fdd
  Firebase: fc4cbf6f1592636431821ef9a3c557e4dfd9f268
  FirebaseAnalytics: 0ea640473474f036cabbc2576e20c2d63671c92f
  FirebaseAuth: b85c064e0ac60f82486728d50a4803f235687302
  FirebaseCore: feda061cb1ee6d8ad4824f4a4a8ffbcfe284f595
  FirebaseCoreDiagnostics: 4505e4d4009b1d93f605088ee7d7764d5f0d1c84
  FirebaseFunctions: 55c11559aaef04038a066c07a7288094823ad3fb
  FirebaseInstallations: 293f567159b6d66d1c990f13bb868066096c94ec
  FirebaseInstanceID: 3b119bfe90e904851218159c9a4ecb847cc51d18
  FirebaseMessaging: ad9e1a80ea64905e01a0ce1b3eb76a2944544151
  GoogleAppMeasurement: 2fd5c5a56c069db635c8e7b92d4809a9591d0a69
  GoogleDataTransport: 9a8a16f79feffc7f42096743de2a7c4815e84020
  GoogleDataTransportCCTSupport: 489c1265d2c85b68187a83a911913d190012158d
  GoogleUtilities: 39530bc0ad980530298e9c4af8549e991fd033b1
  GTMSessionFetcher: 6f5c8abbab8a9bce4bb3f057e317728ec6182b10
  KochavaCoreiOS: 0dc05fb86adb2bd27f01e8b06e48e621ea789df3
  KochavaTrackeriOS: 3bc2417dd6b9e7bbe99b8acfee0f83e1447d7469
  Mixpanel: 61e6d8c0717c8e94ccc6d3a1ae8677b9a78f64c5
  nanopb: c43f40fadfe79e8b8db116583945847910cbabc9
  PromisesObjC: b48e0338dbbac2207e611750777895f7a5811b75
  Protobuf: 2793fcd0622a00b546c60e7cbbcc493e043e9bb9
  SwiftyXMLParser: 8271497e0a37b5c04b0b167c77b4896e36175a21

PODFILE CHECKSUM: 735bc75626f84e78b782e29a4cd84afdd79b8662

COCOAPODS: 1.9.3
